
Microsoft Visual Studio Solution File, Format Version 12.00
Project("{FAE04EC0-301F-11D3-BF4B-00C04F79EFBC}") = "WEB-UBAM", "WEB-UBAM\WEB-UBAM.csproj", "{A8A0EBFD-71F7-4210-A991-41B6CDA68F3B}"
EndProject
Project("{FAE04EC0-301F-11D3-BF4B-00C04F79EFBC}") = "API-UBAM", "API-UBAM\API-UBAM.csproj", "{B3F896BE-D591-40E9-8E45-DE631A5D9EAB}"
EndProject
Global
	GlobalSection(SolutionConfigurationPlatforms) = preSolution
		Debug|Any CPU = Debug|Any CPU
		Release|Any CPU = Release|Any CPU
	EndGlobalSection
	GlobalSection(ProjectConfigurationPlatforms) = postSolution
		{A8A0EBFD-71F7-4210-A991-41B6CDA68F3B}.Debug|Any CPU.ActiveCfg = Debug|Any CPU
		{A8A0EBFD-71F7-4210-A991-41B6CDA68F3B}.Debug|Any CPU.Build.0 = Debug|Any CPU
		{A8A0EBFD-71F7-4210-A991-41B6CDA68F3B}.Release|Any CPU.ActiveCfg = Release|Any CPU
		{A8A0EBFD-71F7-4210-A991-41B6CDA68F3B}.Release|Any CPU.Build.0 = Release|Any CPU
		{B3F896BE-D591-40E9-8E45-DE631A5D9EAB}.Debug|Any CPU.ActiveCfg = Debug|Any CPU
		{B3F896BE-D591-40E9-8E45-DE631A5D9EAB}.Debug|Any CPU.Build.0 = Debug|Any CPU
		{B3F896BE-D591-40E9-8E45-DE631A5D9EAB}.Release|Any CPU.ActiveCfg = Release|Any CPU
		{B3F896BE-D591-40E9-8E45-DE631A5D9EAB}.Release|Any CPU.Build.0 = Release|Any CPU
	EndGlobalSection
EndGlobal
